
Microsoft Visual Studio Solution File, Format Version 12.00
# Visual Studio 15
VisualStudioVersion = 15.0.27703.2047
MinimumVisualStudioVersion = 10.0.40219.1
Project("{FAE04EC0-301F-11D3-BF4B-00C04F79EFBC}") = "CMS.Web", "CMS.Web\CMS.Web.csproj", "{75472065-1312-431A-BD0C-9E0898BA5BA7}"
EndProject
Project("{FAE04EC0-301F-11D3-BF4B-00C04F79EFBC}") = "CMS.Web.Controllers", "CMS.Web.Controllers\CMS.Web.Controllers.csproj", "{5F909A93-B0F6-4AC0-A817-C89DB2D5BB5C}"
EndProject
Global
	GlobalSection(SolutionConfigurationPlatforms) = preSolution
		Debug|Any CPU = Debug|Any CPU
		Release|Any CPU = Release|Any CPU
	EndGlobalSection
	GlobalSection(ProjectConfigurationPlatforms) = postSolution
		{75472065-1312-431A-BD0C-9E0898BA5BA7}.Debug|Any CPU.ActiveCfg = Debug|Any CPU
		{75472065-1312-431A-BD0C-9E0898BA5BA7}.Debug|Any CPU.Build.0 = Debug|Any CPU
		{75472065-1312-431A-BD0C-9E0898BA5BA7}.Release|Any CPU.ActiveCfg = Release|Any CPU
		{75472065-1312-431A-BD0C-9E0898BA5BA7}.Release|Any CPU.Build.0 = Release|Any CPU
		{5F909A93-B0F6-4AC0-A817-C89DB2D5BB5C}.Debug|Any CPU.ActiveCfg = Debug|Any CPU
		{5F909A93-B0F6-4AC0-A817-C89DB2D5BB5C}.Debug|Any CPU.Build.0 = Debug|Any CPU
		{5F909A93-B0F6-4AC0-A817-C89DB2D5BB5C}.Release|Any CPU.ActiveCfg = Release|Any CPU
		{5F909A93-B0F6-4AC0-A817-C89DB2D5BB5C}.Release|Any CPU.Build.0 = Release|Any CPU
	EndGlobalSection
	GlobalSection(SolutionProperties) = preSolution
		HideSolutionNode = FALSE
	EndGlobalSection
	GlobalSection(ExtensibilityGlobals) = postSolution
		SolutionGuid = {E51B5506-EF7D-4986-832B-2AA98E01CDD8}
	EndGlobalSection
EndGlobal
